
Microsoft Visual Studio Solution File, Format Version 12.00
Project("{FAE04EC0-301F-11D3-BF4B-00C04F79EFBC}") = "NotProcessing", "NotProcessing\NotProcessing.csproj", "{86C196E9-2261-4341-A7B4-363CE67BB480}"
EndProject
Global
	GlobalSection(SolutionConfigurationPlatforms) = preSolution
		Debug|Any CPU = Debug|Any CPU
		Release|Any CPU = Release|Any CPU
	EndGlobalSection
	GlobalSection(ProjectConfigurationPlatforms) = postSolution
		{86C196E9-2261-4341-A7B4-363CE67BB480}.Debug|Any CPU.ActiveCfg = Debug|Any CPU
		{86C196E9-2261-4341-A7B4-363CE67BB480}.Debug|Any CPU.Build.0 = Debug|Any CPU
		{86C196E9-2261-4341-A7B4-363CE67BB480}.Release|Any CPU.ActiveCfg = Release|Any CPU
		{86C196E9-2261-4341-A7B4-363CE67BB480}.Release|Any CPU.Build.0 = Release|Any CPU
	EndGlobalSection
EndGlobal
